schema: '2.0'
stages:
  prepare_data:
    cmd: python src/stage_01_prepare.py --config=configs/config.yaml --params=params.yaml
    deps:
    - path: configs/config.yaml
      md5: e2472aa554a3a50d50543d7e4e1ab8ed
      size: 359
    - path: data/data.xml
      md5: a304afb96060aad90176268345e10355
      size: 37891850
    - path: src/stage_01_prepare.py
      md5: 7cf0c3d286d462e726cf3526ef2711f6
      size: 2140
    - path: src/utils/common.py
      md5: 94fe03c02906cd504008a073cd995e71
      size: 778
    - path: src/utils/data_management.py
      md5: f559693633884ca2d3762af708466e59
      size: 905
    params:
      params.yaml:
        prepare.seed: 2021
        prepare.split: 0.2
    outs:
    - path: artifacts/prepared/test.tsv
      md5: 60c757f3b30604473de7fa775dfc00d9
      size: 4894699
    - path: artifacts/prepared/train.tsv
      md5: 553034c4cf40efc63c99c19fe98610d0
      size: 18966620
  featurize:
    cmd: python src/stage_02_featurization.py --config=configs/config.yaml --params=params.yaml
    deps:
    - path: artifacts/prepared/test.tsv
      md5: 60c757f3b30604473de7fa775dfc00d9
      size: 4894699
    - path: artifacts/prepared/train.tsv
      md5: 553034c4cf40efc63c99c19fe98610d0
      size: 18966620
    - path: configs/config.yaml
      md5: e2472aa554a3a50d50543d7e4e1ab8ed
      size: 359
    - path: src/stage_02_featurization.py
      md5: 5688103e8edaeb99268b5098ff2be35a
      size: 3095
    - path: src/utils/common.py
      md5: 94fe03c02906cd504008a073cd995e71
      size: 778
    - path: src/utils/featurize.py
      md5: 48833a08fe8b1072d6a0ef9e3d921f38
      size: 505
    params:
      params.yaml:
        featurize.max_feature: 3000
        featurize.ngrams: 3
    outs:
    - path: artifacts/features/test.pkl
      md5: 71455a41de7c1d29491a67f656e9e8d1
      size: 2744009
    - path: artifacts/features/train.pkl
      md5: a16e6aa1e0f548317e3b7efb5428ebf8
      size: 10684353
  training:
    cmd: python src/stage_03_train.py --config=configs/config.yaml --params=params.yaml
    deps:
    - path: artifacts/features/train.pkl
      md5: a16e6aa1e0f548317e3b7efb5428ebf8
      size: 10684353
    - path: configs/config.yaml
      md5: e2472aa554a3a50d50543d7e4e1ab8ed
      size: 359
    - path: src/stage_03_train.py
      md5: 075d1e9d6690beaa133f1018df225c62
      size: 2442
    - path: src/utils/common.py
      md5: 94fe03c02906cd504008a073cd995e71
      size: 778
    - path: src/utils/featurize.py
      md5: 48833a08fe8b1072d6a0ef9e3d921f38
      size: 505
    params:
      params.yaml:
        train.min_split: 16
        train.n_est: 100
        train.seed: 42
    outs:
    - path: artifacts/model/model.pkl
      md5: 6303345d4e7cc7bd500de7e08476088a
      size: 4368507
